
Microsoft Visual Studio Solution File, Format Version 12.00
# Visual Studio Version 17
VisualStudioVersion = 17.10.35004.147
MinimumVisualStudioVersion = 10.0.40219.1
Project("{FAE04EC0-301F-11D3-BF4B-00C04F79EFBC}") = "HouseHubWeb", "HouseHubWeb\HouseHubWeb.csproj", "{6D513089-4EA4-44E4-A797-CD5DA81C2160}"
EndProject
Global
	GlobalSection(SolutionConfigurationPlatforms) = preSolution
		Debug|Any CPU = Debug|Any CPU
		Release|Any CPU = Release|Any CPU
	EndGlobalSection
	GlobalSection(ProjectConfigurationPlatforms) = postSolution
		{6D513089-4EA4-44E4-A797-CD5DA81C2160}.Debug|Any CPU.ActiveCfg = Debug|Any CPU
		{6D513089-4EA4-44E4-A797-CD5DA81C2160}.Debug|Any CPU.Build.0 = Debug|Any CPU
		{6D513089-4EA4-44E4-A797-CD5DA81C2160}.Release|Any CPU.ActiveCfg = Release|Any CPU
		{6D513089-4EA4-44E4-A797-CD5DA81C2160}.Release|Any CPU.Build.0 = Release|Any CPU
	EndGlobalSection
	GlobalSection(SolutionProperties) = preSolution
		HideSolutionNode = FALSE
	EndGlobalSection
	GlobalSection(ExtensibilityGlobals) = postSolution
		SolutionGuid = {5A545AC2-B8B8-4AE5-99F0-D95BAC4FF2A3}
	EndGlobalSection
EndGlobal
